
Microsoft Visual Studio Solution File, Format Version 12.00
# Visual Studio 14
VisualStudioVersion = 14.0.25420.1
MinimumVisualStudioVersion = 10.0.40219.1
Project("{2150E333-8FDC-42A3-9474-1A3956D46DE8}") = "DBTools", "DBTools", "{6DE7F4DE-61E4-4E40-B937-C0DAFA1B79C9}"
EndProject
Project("{FAE04EC0-301F-11D3-BF4B-00C04F79EFBC}") = "RedisTool", "RedisHelper\RedisTool.csproj", "{82CC1B6F-6DB0-4731-B584-193163EE04A6}"
EndProject
Project("{2150E333-8FDC-42A3-9474-1A3956D46DE8}") = "ORM", "ORM", "{3C9810C3-3D6D-4556-A77F-B6475013CA49}"
EndProject
Project("{FAE04EC0-301F-11D3-BF4B-00C04F79EFBC}") = "YORM", "YOrm\YORM.csproj", "{5C54215F-752A-48A7-957B-F95582F0B8FC}"
EndProject
Project("{2150E333-8FDC-42A3-9474-1A3956D46DE8}") = "Test", "Test", "{3F85EF4F-35F9-485D-BB69-63CAB546D9C5}"
EndProject
Project("{FAE04EC0-301F-11D3-BF4B-00C04F79EFBC}") = "YORMTest", "YORMTest\YORMTest.csproj", "{5488196A-8DB8-4993-9308-F42C39D048B2}"
EndProject
Project("{2150E333-8FDC-42A3-9474-1A3956D46DE8}") = "Algorithm", "Algorithm", "{3A136187-2E77-42B9-9E29-3D8D4BD4D816}"
EndProject
Project("{FAE04EC0-301F-11D3-BF4B-00C04F79EFBC}") = "SortAlgorithm", "SortAlgorithm\SortAlgorithm.csproj", "{368DB895-427B-487E-A8B8-DA8DD702331B}"
EndProject
Project("{FAE04EC0-301F-11D3-BF4B-00C04F79EFBC}") = "MSSQLTool", "MSSQLTool\MSSQLTool.csproj", "{B79F9FF5-F17F-4719-974A-1603C19480A1}"
EndProject
Project("{FAE04EC0-301F-11D3-BF4B-00C04F79EFBC}") = "HashAlgorithm", "HashAlgorithm\HashAlgorithm.csproj", "{F43160B0-FE6D-4F69-9AAA-09FBB5F5F510}"
EndProject
Project("{2150E333-8FDC-42A3-9474-1A3956D46DE8}") = "Communication", "Communication", "{A028C24B-CBD4-4423-AE41-931767D1B23D}"
EndProject
Project("{FAE04EC0-301F-11D3-BF4B-00C04F79EFBC}") = "YSocket", "YSocket\YSocket.csproj", "{C7825276-14C6-47BC-BBEF-4E92A8012DFC}"
EndProject
Global
	GlobalSection(SolutionConfigurationPlatforms) = preSolution
		Debug|Any CPU = Debug|Any CPU
		Release|Any CPU = Release|Any CPU
	EndGlobalSection
	GlobalSection(ProjectConfigurationPlatforms) = postSolution
		{82CC1B6F-6DB0-4731-B584-193163EE04A6}.Debug|Any CPU.ActiveCfg = Debug|Any CPU
		{82CC1B6F-6DB0-4731-B584-193163EE04A6}.Debug|Any CPU.Build.0 = Debug|Any CPU
		{82CC1B6F-6DB0-4731-B584-193163EE04A6}.Release|Any CPU.ActiveCfg = Release|Any CPU
		{82CC1B6F-6DB0-4731-B584-193163EE04A6}.Release|Any CPU.Build.0 = Release|Any CPU
		{5C54215F-752A-48A7-957B-F95582F0B8FC}.Debug|Any CPU.ActiveCfg = Debug|Any CPU
		{5C54215F-752A-48A7-957B-F95582F0B8FC}.Debug|Any CPU.Build.0 = Debug|Any CPU
		{5C54215F-752A-48A7-957B-F95582F0B8FC}.Release|Any CPU.ActiveCfg = Release|Any CPU
		{5C54215F-752A-48A7-957B-F95582F0B8FC}.Release|Any CPU.Build.0 = Release|Any CPU
		{5488196A-8DB8-4993-9308-F42C39D048B2}.Debug|Any CPU.ActiveCfg = Debug|Any CPU
		{5488196A-8DB8-4993-9308-F42C39D048B2}.Debug|Any CPU.Build.0 = Debug|Any CPU
		{5488196A-8DB8-4993-9308-F42C39D048B2}.Release|Any CPU.ActiveCfg = Release|Any CPU
		{5488196A-8DB8-4993-9308-F42C39D048B2}.Release|Any CPU.Build.0 = Release|Any CPU
		{368DB895-427B-487E-A8B8-DA8DD702331B}.Debug|Any CPU.ActiveCfg = Debug|Any CPU
		{368DB895-427B-487E-A8B8-DA8DD702331B}.Debug|Any CPU.Build.0 = Debug|Any CPU
		{368DB895-427B-487E-A8B8-DA8DD702331B}.Release|Any CPU.ActiveCfg = Release|Any CPU
		{368DB895-427B-487E-A8B8-DA8DD702331B}.Release|Any CPU.Build.0 = Release|Any CPU
		{B79F9FF5-F17F-4719-974A-1603C19480A1}.Debug|Any CPU.ActiveCfg = Debug|Any CPU
		{B79F9FF5-F17F-4719-974A-1603C19480A1}.Debug|Any CPU.Build.0 = Debug|Any CPU
		{B79F9FF5-F17F-4719-974A-1603C19480A1}.Release|Any CPU.ActiveCfg = Release|Any CPU
		{B79F9FF5-F17F-4719-974A-1603C19480A1}.Release|Any CPU.Build.0 = Release|Any CPU
		{F43160B0-FE6D-4F69-9AAA-09FBB5F5F510}.Debug|Any CPU.ActiveCfg = Debug|Any CPU
		{F43160B0-FE6D-4F69-9AAA-09FBB5F5F510}.Debug|Any CPU.Build.0 = Debug|Any CPU
		{F43160B0-FE6D-4F69-9AAA-09FBB5F5F510}.Release|Any CPU.ActiveCfg = Release|Any CPU
		{F43160B0-FE6D-4F69-9AAA-09FBB5F5F510}.Release|Any CPU.Build.0 = Release|Any CPU
		{C7825276-14C6-47BC-BBEF-4E92A8012DFC}.Debug|Any CPU.ActiveCfg = Debug|Any CPU
		{C7825276-14C6-47BC-BBEF-4E92A8012DFC}.Debug|Any CPU.Build.0 = Debug|Any CPU
		{C7825276-14C6-47BC-BBEF-4E92A8012DFC}.Release|Any CPU.ActiveCfg = Release|Any CPU
		{C7825276-14C6-47BC-BBEF-4E92A8012DFC}.Release|Any CPU.Build.0 = Release|Any CPU
	EndGlobalSection
	GlobalSection(SolutionProperties) = preSolution
		HideSolutionNode = FALSE
	EndGlobalSection
	GlobalSection(NestedProjects) = preSolution
		{82CC1B6F-6DB0-4731-B584-193163EE04A6} = {6DE7F4DE-61E4-4E40-B937-C0DAFA1B79C9}
		{5C54215F-752A-48A7-957B-F95582F0B8FC} = {3C9810C3-3D6D-4556-A77F-B6475013CA49}
		{5488196A-8DB8-4993-9308-F42C39D048B2} = {3F85EF4F-35F9-485D-BB69-63CAB546D9C5}
		{368DB895-427B-487E-A8B8-DA8DD702331B} = {3A136187-2E77-42B9-9E29-3D8D4BD4D816}
		{B79F9FF5-F17F-4719-974A-1603C19480A1} = {6DE7F4DE-61E4-4E40-B937-C0DAFA1B79C9}
		{F43160B0-FE6D-4F69-9AAA-09FBB5F5F510} = {3A136187-2E77-42B9-9E29-3D8D4BD4D816}
		{C7825276-14C6-47BC-BBEF-4E92A8012DFC} = {A028C24B-CBD4-4423-AE41-931767D1B23D}
	EndGlobalSection
EndGlobal
